
Microsoft Visual Studio Solution File, Format Version 12.00
# Visual Studio Version 17
VisualStudioVersion = 17.8.34408.163
MinimumVisualStudioVersion = 10.0.40219.1
Project("{9A19103F-16F7-4668-BE54-9A1E7A4F7556}") = "ShoppingApp", "ShoppingApp\ShoppingApp.csproj", "{928265BC-1C67-4A43-AABD-4B8C9D1372CA}"
EndProject
Project("{2150E333-8FDC-42A3-9474-1A3956D46DE8}") = "Core", "Core", "{B5589703-A5AC-4DB3-A56C-F7A17809395B}"
EndProject
Project("{FAE04EC0-301F-11D3-BF4B-00C04F79EFBC}") = "Domain", "Domain\Domain.csproj", "{11F8A2D3-2217-435A-8192-DC7A07D3185F}"
EndProject
Project("{FAE04EC0-301F-11D3-BF4B-00C04F79EFBC}") = "Shared", "Shared\Shared.csproj", "{F06ABC4D-7027-4622-B521-A51D80C0D33E}"
EndProject
Project("{FAE04EC0-301F-11D3-BF4B-00C04F79EFBC}") = "Service.Abstactions", "Service.Abstactions\Service.Abstactions.csproj", "{6D36F39E-3748-4D21-9391-0D09897BF2C9}"
EndProject
Project("{FAE04EC0-301F-11D3-BF4B-00C04F79EFBC}") = "Services", "Services\Services.csproj", "{BE30E1A8-BFCC-4A3C-9D57-8AB06BB1AA1B}"
EndProject
Project("{2150E333-8FDC-42A3-9474-1A3956D46DE8}") = "Infrastructure", "Infrastructure", "{8BD0FEA2-D2AD-4A4E-BA9E-BDFE6D7B146E}"
EndProject
Project("{FAE04EC0-301F-11D3-BF4B-00C04F79EFBC}") = "Persistence", "Persistence\Persistence.csproj", "{C0A963C6-044B-4198-8DA3-0E2B1195299B}"
EndProject
Project("{FAE04EC0-301F-11D3-BF4B-00C04F79EFBC}") = "Presentation", "Presentation\Presentation.csproj", "{EF1C9919-6F13-43B5-85CE-D52B91A0F945}"
EndProject
Global
	GlobalSection(SolutionConfigurationPlatforms) = preSolution
		Debug|Any CPU = Debug|Any CPU
		Release|Any CPU = Release|Any CPU
	EndGlobalSection
	GlobalSection(ProjectConfigurationPlatforms) = postSolution
		{928265BC-1C67-4A43-AABD-4B8C9D1372CA}.Debug|Any CPU.ActiveCfg = Debug|Any CPU
		{928265BC-1C67-4A43-AABD-4B8C9D1372CA}.Debug|Any CPU.Build.0 = Debug|Any CPU
		{928265BC-1C67-4A43-AABD-4B8C9D1372CA}.Release|Any CPU.ActiveCfg = Release|Any CPU
		{928265BC-1C67-4A43-AABD-4B8C9D1372CA}.Release|Any CPU.Build.0 = Release|Any CPU
		{11F8A2D3-2217-435A-8192-DC7A07D3185F}.Debug|Any CPU.ActiveCfg = Debug|Any CPU
		{11F8A2D3-2217-435A-8192-DC7A07D3185F}.Debug|Any CPU.Build.0 = Debug|Any CPU
		{11F8A2D3-2217-435A-8192-DC7A07D3185F}.Release|Any CPU.ActiveCfg = Release|Any CPU
		{11F8A2D3-2217-435A-8192-DC7A07D3185F}.Release|Any CPU.Build.0 = Release|Any CPU
		{F06ABC4D-7027-4622-B521-A51D80C0D33E}.Debug|Any CPU.ActiveCfg = Debug|Any CPU
		{F06ABC4D-7027-4622-B521-A51D80C0D33E}.Debug|Any CPU.Build.0 = Debug|Any CPU
		{F06ABC4D-7027-4622-B521-A51D80C0D33E}.Release|Any CPU.ActiveCfg = Release|Any CPU
		{F06ABC4D-7027-4622-B521-A51D80C0D33E}.Release|Any CPU.Build.0 = Release|Any CPU
		{6D36F39E-3748-4D21-9391-0D09897BF2C9}.Debug|Any CPU.ActiveCfg = Debug|Any CPU
		{6D36F39E-3748-4D21-9391-0D09897BF2C9}.Debug|Any CPU.Build.0 = Debug|Any CPU
		{6D36F39E-3748-4D21-9391-0D09897BF2C9}.Release|Any CPU.ActiveCfg = Release|Any CPU
		{6D36F39E-3748-4D21-9391-0D09897BF2C9}.Release|Any CPU.Build.0 = Release|Any CPU
		{BE30E1A8-BFCC-4A3C-9D57-8AB06BB1AA1B}.Debug|Any CPU.ActiveCfg = Debug|Any CPU
		{BE30E1A8-BFCC-4A3C-9D57-8AB06BB1AA1B}.Debug|Any CPU.Build.0 = Debug|Any CPU
		{BE30E1A8-BFCC-4A3C-9D57-8AB06BB1AA1B}.Release|Any CPU.ActiveCfg = Release|Any CPU
		{BE30E1A8-BFCC-4A3C-9D57-8AB06BB1AA1B}.Release|Any CPU.Build.0 = Release|Any CPU
		{C0A963C6-044B-4198-8DA3-0E2B1195299B}.Debug|Any CPU.ActiveCfg = Debug|Any CPU
		{C0A963C6-044B-4198-8DA3-0E2B1195299B}.Debug|Any CPU.Build.0 = Debug|Any CPU
		{C0A963C6-044B-4198-8DA3-0E2B1195299B}.Release|Any CPU.ActiveCfg = Release|Any CPU
		{C0A963C6-044B-4198-8DA3-0E2B1195299B}.Release|Any CPU.Build.0 = Release|Any CPU
		{EF1C9919-6F13-43B5-85CE-D52B91A0F945}.Debug|Any CPU.ActiveCfg = Debug|Any CPU
		{EF1C9919-6F13-43B5-85CE-D52B91A0F945}.Debug|Any CPU.Build.0 = Debug|Any CPU
		{EF1C9919-6F13-43B5-85CE-D52B91A0F945}.Release|Any CPU.ActiveCfg = Release|Any CPU
		{EF1C9919-6F13-43B5-85CE-D52B91A0F945}.Release|Any CPU.Build.0 = Release|Any CPU
	EndGlobalSection
	GlobalSection(SolutionProperties) = preSolution
		HideSolutionNode = FALSE
	EndGlobalSection
	GlobalSection(NestedProjects) = preSolution
		{11F8A2D3-2217-435A-8192-DC7A07D3185F} = {B5589703-A5AC-4DB3-A56C-F7A17809395B}
		{6D36F39E-3748-4D21-9391-0D09897BF2C9} = {B5589703-A5AC-4DB3-A56C-F7A17809395B}
		{BE30E1A8-BFCC-4A3C-9D57-8AB06BB1AA1B} = {B5589703-A5AC-4DB3-A56C-F7A17809395B}
		{C0A963C6-044B-4198-8DA3-0E2B1195299B} = {8BD0FEA2-D2AD-4A4E-BA9E-BDFE6D7B146E}
		{EF1C9919-6F13-43B5-85CE-D52B91A0F945} = {8BD0FEA2-D2AD-4A4E-BA9E-BDFE6D7B146E}
	EndGlobalSection
	GlobalSection(ExtensibilityGlobals) = postSolution
		SolutionGuid = {7B532865-B1EF-41F2-90B2-791B95D5D47A}
	EndGlobalSection
EndGlobal
